// !$*UTF8*$!
{
	archiveVersion = 1;
	classes = {
	};
	objectVersion = 77;
	objects = {

/* Begin PBXBuildFile section */
		0079F3F3939AED7D0082D0FF /* LabelChip.swift in Sources */ = {isa = PBXBuildFile; fileRef = 6CD8667B3097AB50AD0CFF2A /* LabelChip.swift */; };
		0F03FC7847C2FDFF57E6851B /* User.swift in Sources */ = {isa = PBXBuildFile; fileRef = CD1D61D9EA0CD73B9DCE749E /* User.swift */; };
		13A066957199D2D218784CC5 /* TaskServiceTests.swift in Sources */ = {isa = PBXBuildFile; fileRef = B01DB481329D189EEB49819D /* TaskServiceTests.swift */; };
		13DE98E247648EF0B1328393 /* MainTabView.swift in Sources */ = {isa = PBXBuildFile; fileRef = 64CA89BB38795B743594F444 /* MainTabView.swift */; };
		1D037374582087C83275C851 /* TaskService.swift in Sources */ = {isa = PBXBuildFile; fileRef = A4936744D79C1BBBC829270C /* TaskService.swift */; };
		1DECE307A3F6FE5373C71B2F /* AuthService.swift in Sources */ = {isa = PBXBuildFile; fileRef = 34C72278AE3ECD1A01E8995C /* AuthService.swift */; };
		1EDDCC0D4B19368376493E92 /* SharedConstants.swift in Sources */ = {isa = PBXBuildFile; fileRef = BC5F1549608D004BBE243939 /* SharedConstants.swift */; };
		1F3A0229896032D843C5F775 /* TaskService.swift in Sources */ = {isa = PBXBuildFile; fileRef = A4936744D79C1BBBC829270C /* TaskService.swift */; };
		20D92B10FAEBEB83C5D12476 /* MainTabView.swift in Sources */ = {isa = PBXBuildFile; fileRef = 64CA89BB38795B743594F444 /* MainTabView.swift */; };
		20E97EDFBC1403A068A82D7A /* TaskDetailSheet.swift in Sources */ = {isa = PBXBuildFile; fileRef = 270CDF8590CC855E2B69685E /* TaskDetailSheet.swift */; };
		24F0EB4260EAE25CD137FFA6 /* Label.swift in Sources */ = {isa = PBXBuildFile; fileRef = 3DAD90CA4D21232120AE5905 /* Label.swift */; };
		26DF33422F1E4C796E826D0F /* WidgetDataTests.swift in Sources */ = {isa = PBXBuildFile; fileRef = CF7605057833E15B0D9157B7 /* WidgetDataTests.swift */; };
		28C78B132463E9CC866FFBB3 /* FocusBanner.swift in Sources */ = {isa = PBXBuildFile; fileRef = 230E3F347BBF63187DFC12FF /* FocusBanner.swift */; };
		2B7552928F5D1973ED1676B4 /* SmartListSection.swift in Sources */ = {isa = PBXBuildFile; fileRef = 91E89DA997E584CC682D31EC /* SmartListSection.swift */; };
		2B92455ACA5C00F99ACAC313 /* QuickAddBar.swift in Sources */ = {isa = PBXBuildFile; fileRef = 6322DE4014D29807218529CE /* QuickAddBar.swift */; };
		2BC35AA0C33CC217E475CDC5 /* AppIntents.swift in Sources */ = {isa = PBXBuildFile; fileRef = 9EA526A316F43D1D8A8ACEE5 /* AppIntents.swift */; };
		2C66B0E2DE99F5C83C8A81A4 /* TaskListScreen.swift in Sources */ = {isa = PBXBuildFile; fileRef = 6F4E2DCD21406294723DD09F /* TaskListScreen.swift */; };
		2CB2844EBC7C6319A158D73A /* Assets.xcassets in Resources */ = {isa = PBXBuildFile; fileRef = AB23B5FBCE0D0D9F6F0A32C4 /* Assets.xcassets */; };
		2DAFDADCA64C1B7D578BA1BC /* MacTaskListView.swift in Sources */ = {isa = PBXBuildFile; fileRef = 60830C472794C8CFAC9B618D /* MacTaskListView.swift */; };
		30C3542DFC2CE639F65985C5 /* MacContentView.swift in Sources */ = {isa = PBXBuildFile; fileRef = BB7ECEB62869BB057B978752 /* MacContentView.swift */; };
		3188E103271854F6132C2C9F /* FocusSession.swift in Sources */ = {isa = PBXBuildFile; fileRef = F2A7D59BC9BE3B77DE83226B /* FocusSession.swift */; };
		345D07F1F46F4C8D86B962C9 /* TaskFilterSheet.swift in Sources */ = {isa = PBXBuildFile; fileRef = AF3EA5E718EC024F5002668D /* TaskFilterSheet.swift */; };
		34FB5979C0EB1E457D793A38 /* VTask.swift in Sources */ = {isa = PBXBuildFile; fileRef = 54D098FB637269FE5791600C /* VTask.swift */; };
		3AFCBFCF2D7F7014DAC992E0 /* FilterBar.swift in Sources */ = {isa = PBXBuildFile; fileRef = 677B6B2CC301A0BF528F1542 /* FilterBar.swift */; };
		3B31C7F238EE1D2AEFAA5D06 /* ProjectService.swift in Sources */ = {isa = PBXBuildFile; fileRef = 5ED7491034B820B62786524A /* ProjectService.swift */; };
		3D391BF73BC5BF5891E549C0 /* APIClient.swift in Sources */ = {isa = PBXBuildFile; fileRef = 7927B31EB3BE45845D90CF5D /* APIClient.swift */; };
		3E249E35A889CBD7D32AD4D1 /* AuthService.swift in Sources */ = {isa = PBXBuildFile; fileRef = 34C72278AE3ECD1A01E8995C /* AuthService.swift */; };
		466031EEB0B51EF071302F6F /* AppState.swift in Sources */ = {isa = PBXBuildFile; fileRef = 3ACF9EF6CFE07E3C27DF61B8 /* AppState.swift */; };
		46EC3D21E1CABFC8A8C73C0E /* TaskFilterSheet.swift in Sources */ = {isa = PBXBuildFile; fileRef = AF3EA5E718EC024F5002668D /* TaskFilterSheet.swift */; };
		472AE748E7B53F21D66ED2F1 /* Assets.xcassets in Resources */ = {isa = PBXBuildFile; fileRef = AB23B5FBCE0D0D9F6F0A32C4 /* Assets.xcassets */; };
		479EBC74FA214FF4F9AC68D5 /* PrivacyInfo.xcprivacy in Resources */ = {isa = PBXBuildFile; fileRef = B375596EF9B1C0CC2D864E71 /* PrivacyInfo.xcprivacy */; };
		47D9E5C446ACC149FEEF1E64 /* LabelChip.swift in Sources */ = {isa = PBXBuildFile; fileRef = 6CD8667B3097AB50AD0CFF2A /* LabelChip.swift */; };
		4D0309DDC5A915E09A87723D /* MacTaskListView.swift in Sources */ = {isa = PBXBuildFile; fileRef = 60830C472794C8CFAC9B618D /* MacTaskListView.swift */; };
		52B2F298BB31991E0FDA0AF0 /* LoadingOverlay.swift in Sources */ = {isa = PBXBuildFile; fileRef = 21282278F2A6465180B89552 /* LoadingOverlay.swift */; };
		5A3A7D10ED80323DC7DC44FD /* SettingsScreen.swift in Sources */ = {isa = PBXBuildFile; fileRef = 936EEE53FB80A8959CCB6839 /* SettingsScreen.swift */; };
		5C18D86265412EB339FB9FC8 /* mDoneUITests.swift in Sources */ = {isa = PBXBuildFile; fileRef = B8C3517EA8092AEFB9B958BA /* mDoneUITests.swift */; };
		5E065068D0F511CF4C8D6617 /* WidgetModels.swift in Sources */ = {isa = PBXBuildFile; fileRef = 68AEADC6919D6F592BDE8D45 /* WidgetModels.swift */; };
		5E24805E3058E37805AEE58F /* MacTaskDetailView.swift in Sources */ = {isa = PBXBuildFile; fileRef = BCED2742EC490F205877F641 /* MacTaskDetailView.swift */; };
		5E28E31A1A2371E79A7A219D /* User.swift in Sources */ = {isa = PBXBuildFile; fileRef = CD1D61D9EA0CD73B9DCE749E /* User.swift */; };
		5ECC96D0EFEF809243FA8284 /* DayTaskList.swift in Sources */ = {isa = PBXBuildFile; fileRef = F32934D85B75E0CF9E9A0464 /* DayTaskList.swift */; };
		5FFD523423D9D1F142888FFA /* ProjectListScreen.swift in Sources */ = {isa = PBXBuildFile; fileRef = BEDF83C7ECDABCFD73F18F7E /* ProjectListScreen.swift */; };
		646498CE9FDDE8A89751518C /* Endpoint.swift in Sources */ = {isa = PBXBuildFile; fileRef = 2CC284524A1CA2AFC3628C0C /* Endpoint.swift */; };
		6485244221EE25AC2D079940 /* APIClientTests.swift in Sources */ = {isa = PBXBuildFile; fileRef = E2D0822D3C0C5B56CCCACA15 /* APIClientTests.swift */; };
		6580249F71AA74AE1F615836 /* VNotification.swift in Sources */ = {isa = PBXBuildFile; fileRef = 02DBAE7F292CC18395D6F4C7 /* VNotification.swift */; };
		676A1244D13F4C96E8807A62 /* QuickAddWidget.swift in Sources */ = {isa = PBXBuildFile; fileRef = 5141CC6BAD210288F9A7C963 /* QuickAddWidget.swift */; };
		6808D70AADC8F7ABBC78D362 /* mDoneApp.swift in Sources */ = {isa = PBXBuildFile; fileRef = 1539AC011B13F676829F1579 /* mDoneApp.swift */; };
		6913DA294E65C2443AE53FF9 /* FocusSessionView.swift in Sources */ = {isa = PBXBuildFile; fileRef = 08901BAE429BBD8DAF9FADC7 /* FocusSessionView.swift */; };
		6BA541DF9930AC85CDB50601 /* SettingsScreen.swift in Sources */ = {isa = PBXBuildFile; fileRef = 936EEE53FB80A8959CCB6839 /* SettingsScreen.swift */; };
		6E9AE4DF8FD1236AD9E4E8AD /* VNotification.swift in Sources */ = {isa = PBXBuildFile; fileRef = 02DBAE7F292CC18395D6F4C7 /* VNotification.swift */; };
		6EFF2B0782AE731482D63A40 /* Endpoint.swift in Sources */ = {isa = PBXBuildFile; fileRef = 2CC284524A1CA2AFC3628C0C /* Endpoint.swift */; };
		715BA696FAE11F79B3877051 /* WidgetDataProvider.swift in Sources */ = {isa = PBXBuildFile; fileRef = 5325D7BBDDC5A2C4696225E6 /* WidgetDataProvider.swift */; };
		72C508724ABE348A13578687 /* NetworkMonitor.swift in Sources */ = {isa = PBXBuildFile; fileRef = 242D822CEC39A844018F2AD8 /* NetworkMonitor.swift */; };
		74953AB9A0BFCE5A9AC9EE89 /* AppDependencies.swift in Sources */ = {isa = PBXBuildFile; fileRef = 81EAA5F4040ED532081E5FC4 /* AppDependencies.swift */; };
		75B6AAFAD3ADA72BE23DB26F /* PriorityBadge.swift in Sources */ = {isa = PBXBuildFile; fileRef = FA6746350E080414B1C06B61 /* PriorityBadge.swift */; };
		78DF45492472DAEF6363D823 /* FocusTaskAttributes.swift in Sources */ = {isa = PBXBuildFile; fileRef = BD2A4C7852EE3D6AB2ABD4CF /* FocusTaskAttributes.swift */; };
		793EB48C7D14FBDA22D81741 /* AppState.swift in Sources */ = {isa = PBXBuildFile; fileRef = 3ACF9EF6CFE07E3C27DF61B8 /* AppState.swift */; };
		7A77CA67C83888E73B9BB800 /* NotificationService.swift in Sources */ = {isa = PBXBuildFile; fileRef = 6CB6B88D4A00E1FF1464AFAD /* NotificationService.swift */; };
		7AAAAA449A010C91C11D2C97 /* FocusSession.swift in Sources */ = {isa = PBXBuildFile; fileRef = F2A7D59BC9BE3B77DE83226B /* FocusSession.swift */; };
		7AD59D1088EC22938A837843 /* FocusTaskAttributes.swift in Sources */ = {isa = PBXBuildFile; fileRef = BD2A4C7852EE3D6AB2ABD4CF /* FocusTaskAttributes.swift */; };
		7B0E6CDE115FB3BA958AC034 /* MacSidebarView.swift in Sources */ = {isa = PBXBuildFile; fileRef = A33D6E4ACDFCA2C3E198CB40 /* MacSidebarView.swift */; };
		7B47D806ACEA248D470AD4BB /* mDoneApp.swift in Sources */ = {isa = PBXBuildFile; fileRef = 1539AC011B13F676829F1579 /* mDoneApp.swift */; };
		7DE03B76B8DEF6D9E77AC2D1 /* MacSidebarView.swift in Sources */ = {isa = PBXBuildFile; fileRef = A33D6E4ACDFCA2C3E198CB40 /* MacSidebarView.swift */; };
		7DF924B630C33E34B243F81C /* AppDependencies.swift in Sources */ = {isa = PBXBuildFile; fileRef = 81EAA5F4040ED532081E5FC4 /* AppDependencies.swift */; };
		7E2137717BB9568E08EEDD14 /* ReminderEditor.swift in Sources */ = {isa = PBXBuildFile; fileRef = 9D9BF887955581D462D3AE13 /* ReminderEditor.swift */; };
		7FAAA068EC7D42239B291C9E /* CalendarScreen.swift in Sources */ = {isa = PBXBuildFile; fileRef = D333921C4A7E929C95C42C24 /* CalendarScreen.swift */; };
		7FB2B49D39916A5B298C6699 /* NotificationServiceTests.swift in Sources */ = {isa = PBXBuildFile; fileRef = F0C04863A982961FE57C146E /* NotificationServiceTests.swift */; };
		822E0B323F0F733DEF86004B /* ProjectService.swift in Sources */ = {isa = PBXBuildFile; fileRef = 5ED7491034B820B62786524A /* ProjectService.swift */; };
		82B9BCDF99C2E894D18A11C7 /* MacTaskDetailView.swift in Sources */ = {isa = PBXBuildFile; fileRef = BCED2742EC490F205877F641 /* MacTaskDetailView.swift */; };
		833FAC7ADE5E70AB84A8DE92 /* NotificationListView.swift in Sources */ = {isa = PBXBuildFile; fileRef = 75C3FC2F60E1EA3680C66908 /* NotificationListView.swift */; };
		874C0FDDC72431583716C892 /* VTask.swift in Sources */ = {isa = PBXBuildFile; fileRef = 54D098FB637269FE5791600C /* VTask.swift */; };
		8919838E06A6AB784561C665 /* APIModels.swift in Sources */ = {isa = PBXBuildFile; fileRef = 5B5CCB0224316EA10492FA30 /* APIModels.swift */; };
		8FCD26D3C447A33F331EAA11 /* mDoneWidgets.appex in Embed Foundation Extensions */ = {isa = PBXBuildFile; fileRef = CB4D2DA95DF4FC3F205FBF90 /* mDoneWidgets.appex */; settings = {ATTRIBUTES = (RemoveHeadersOnCopy, ); }; };
		900CDC81573122128A6FF7B5 /* MacKeyboardShortcuts.swift in Sources */ = {isa = PBXBuildFile; fileRef = CC6B4D23CD950A731DCA2739 /* MacKeyboardShortcuts.swift */; };
		904A683774D3803A13DC1EFF /* LoadingOverlay.swift in Sources */ = {isa = PBXBuildFile; fileRef = 21282278F2A6465180B89552 /* LoadingOverlay.swift */; };
		937B1CDC21FE2C22B62D2AF7 /* PriorityBadge.swift in Sources */ = {isa = PBXBuildFile; fileRef = FA6746350E080414B1C06B61 /* PriorityBadge.swift */; };
		95329A932B762F478F8D593A /* ProjectRow.swift in Sources */ = {isa = PBXBuildFile; fileRef = 11EDA0EB36133D877C2C55B7 /* ProjectRow.swift */; };
		96234F406C854E7F054E766F /* WidgetModels.swift in Sources */ = {isa = PBXBuildFile; fileRef = 68AEADC6919D6F592BDE8D45 /* WidgetModels.swift */; };
		9633BF09D850810FFADCCAF8 /* FocusSession.swift in Sources */ = {isa = PBXBuildFile; fileRef = F2A7D59BC9BE3B77DE83226B /* FocusSession.swift */; };
		9A689915A04CABF2CA6539E4 /* NetworkMonitor.swift in Sources */ = {isa = PBXBuildFile; fileRef = 242D822CEC39A844018F2AD8 /* NetworkMonitor.swift */; };
		9CEF82F37CEBD21AC740CFC2 /* TodayTasksWidget.swift in Sources */ = {isa = PBXBuildFile; fileRef = 7131BB57A3C347178926098D /* TodayTasksWidget.swift */; };
		9EE222DF4AE14015D0E9E36F /* Project.swift in Sources */ = {isa = PBXBuildFile; fileRef = 5BD4CC491B333F404912BFF2 /* Project.swift */; };
		A0AF6088F463A945DBD98CDD /* NotificationService.swift in Sources */ = {isa = PBXBuildFile; fileRef = 6CB6B88D4A00E1FF1464AFAD /* NotificationService.swift */; };
		A0ED454FD8ED3B97BDE4007A /* FocusManager.swift in Sources */ = {isa = PBXBuildFile; fileRef = E17354B0580CDAA3AAC9F0E2 /* FocusManager.swift */; };
		A7C30181AFC86B283E46EEAF /* MacKeyboardShortcuts.swift in Sources */ = {isa = PBXBuildFile; fileRef = CC6B4D23CD950A731DCA2739 /* MacKeyboardShortcuts.swift */; };
		A7F0567602A2B5D76BB4C356 /* SyncServiceTests.swift in Sources */ = {isa = PBXBuildFile; fileRef = 387028800E7582C8E3DB99D5 /* SyncServiceTests.swift */; };
		AA14FFD1C3732EBE780BD645 /* FocusTaskAttributes.swift in Sources */ = {isa = PBXBuildFile; fileRef = BD2A4C7852EE3D6AB2ABD4CF /* FocusTaskAttributes.swift */; };
		ABCD592049E3C5503C2ADFD2 /* DayTaskList.swift in Sources */ = {isa = PBXBuildFile; fileRef = F32934D85B75E0CF9E9A0464 /* DayTaskList.swift */; };
		AEC83C1E0D76326ECF8623A1 /* CalendarScreen.swift in Sources */ = {isa = PBXBuildFile; fileRef = D333921C4A7E929C95C42C24 /* CalendarScreen.swift */; };
		B035BD0E42D2FC8BDA1F9BB8 /* ProjectRow.swift in Sources */ = {isa = PBXBuildFile; fileRef = 11EDA0EB36133D877C2C55B7 /* ProjectRow.swift */; };
		B22ED2C1547A73DC8DD3A3A6 /* FocusSessionView.swift in Sources */ = {isa = PBXBuildFile; fileRef = 08901BAE429BBD8DAF9FADC7 /* FocusSessionView.swift */; };
		B48348294D0E205DB895FF77 /* ReminderEditor.swift in Sources */ = {isa = PBXBuildFile; fileRef = 9D9BF887955581D462D3AE13 /* ReminderEditor.swift */; };
		B58B8269638FA1156278D387 /* FocusManager.swift in Sources */ = {isa = PBXBuildFile; fileRef = E17354B0580CDAA3AAC9F0E2 /* FocusManager.swift */; };
		B65849A8F4C4DCA8C20B946A /* TaskListScreen.swift in Sources */ = {isa = PBXBuildFile; fileRef = 6F4E2DCD21406294723DD09F /* TaskListScreen.swift */; };
		B71ABF95BA6FDCDAAA0B913C /* ColorExtension.swift in Sources */ = {isa = PBXBuildFile; fileRef = AE6CF9213E0759565428E297 /* ColorExtension.swift */; };
		BAED13C60E6654E66BEACED2 /* mDoneWidgets.swift in Sources */ = {isa = PBXBuildFile; fileRef = 08FE5F9930E9E26CDF74F791 /* mDoneWidgets.swift */; };
		BC102895DAE1A7A67310050F /* UpcomingWidget.swift in Sources */ = {isa = PBXBuildFile; fileRef = 3C7FABBE2382318BB2473235 /* UpcomingWidget.swift */; };
		BDDAD12C53889CC0252FF440 /* CacheService.swift in Sources */ = {isa = PBXBuildFile; fileRef = 578C6DA4CECA647B5E61633B /* CacheService.swift */; };
		BE3B509020AC8008F9452A2B /* TaskRow.swift in Sources */ = {isa = PBXBuildFile; fileRef = BCD16DE7EC1D58A64D5FE82E /* TaskRow.swift */; };
		C061A2FDC77D16BBF497B61B /* NotificationListView.swift in Sources */ = {isa = PBXBuildFile; fileRef = 75C3FC2F60E1EA3680C66908 /* NotificationListView.swift */; };
		C0A8BA583DB5590C30756765 /* SharedConstants.swift in Sources */ = {isa = PBXBuildFile; fileRef = BC5F1549608D004BBE243939 /* SharedConstants.swift */; };
		C244FFA3AEBB8D393A6CBC17 /* WidgetDataProvider.swift in Sources */ = {isa = PBXBuildFile; fileRef = 5325D7BBDDC5A2C4696225E6 /* WidgetDataProvider.swift */; };
		C725ADC703B8B75576BB7A5E /* ProjectListScreen.swift in Sources */ = {isa = PBXBuildFile; fileRef = BEDF83C7ECDABCFD73F18F7E /* ProjectListScreen.swift */; };
		CB3DD6CE7BA8416CC4EF1114 /* TaskRow.swift in Sources */ = {isa = PBXBuildFile; fileRef = BCD16DE7EC1D58A64D5FE82E /* TaskRow.swift */; };
		CCD3E78BF201AF71B0726715 /* CalendarGrid.swift in Sources */ = {isa = PBXBuildFile; fileRef = 6C55C4BBA8084F95EEE43F75 /* CalendarGrid.swift */; };
		D0DA6452D7D8EEB67266E13D /* ServerSetupView.swift in Sources */ = {isa = PBXBuildFile; fileRef = DCD46F8DA3A3D92681395E53 /* ServerSetupView.swift */; };
		D4B5C83C11C8E743AF968D14 /* ServerSetupView.swift in Sources */ = {isa = PBXBuildFile; fileRef = DCD46F8DA3A3D92681395E53 /* ServerSetupView.swift */; };
		D592174DE894147ED3F70701 /* LockScreenWidgets.swift in Sources */ = {isa = PBXBuildFile; fileRef = AF75940C0E861A8C61F4913E /* LockScreenWidgets.swift */; };
		D5D92009168A1213FF49F0D4 /* FocusBanner.swift in Sources */ = {isa = PBXBuildFile; fileRef = 230E3F347BBF63187DFC12FF /* FocusBanner.swift */; };
		D8260ED08F2A58D1D10D9EBB /* Project.swift in Sources */ = {isa = PBXBuildFile; fileRef = 5BD4CC491B333F404912BFF2 /* Project.swift */; };
		D9A832FED9563609561DCC50 /* FocusTaskLiveActivity.swift in Sources */ = {isa = PBXBuildFile; fileRef = 43485A99649F62E888383036 /* FocusTaskLiveActivity.swift */; };
		D9D2ABC7E104FBC5A8E2E834 /* MacContentView.swift in Sources */ = {isa = PBXBuildFile; fileRef = BB7ECEB62869BB057B978752 /* MacContentView.swift */; };
		DB5C6A7262C408349D977CED /* APIModels.swift in Sources */ = {isa = PBXBuildFile; fileRef = 5B5CCB0224316EA10492FA30 /* APIModels.swift */; };
		DB756EA7E884F7BCAF122678 /* ColorExtension.swift in Sources */ = {isa = PBXBuildFile; fileRef = AE6CF9213E0759565428E297 /* ColorExtension.swift */; };
		DBC2B0E3AC9CB6B3F23611E4 /* PrivacyInfo.xcprivacy in Resources */ = {isa = PBXBuildFile; fileRef = B375596EF9B1C0CC2D864E71 /* PrivacyInfo.xcprivacy */; };
		DBC929C598D1C94642E618F5 /* SharedConstants.swift in Sources */ = {isa = PBXBuildFile; fileRef = BC5F1549608D004BBE243939 /* SharedConstants.swift */; };
		DC7D9AE2384353053CD95DF6 /* TaskDetailSheet.swift in Sources */ = {isa = PBXBuildFile; fileRef = 270CDF8590CC855E2B69685E /* TaskDetailSheet.swift */; };
		DCF39869A427B99DD66F48BE /* WidgetDataProvider.swift in Sources */ = {isa = PBXBuildFile; fileRef = 5325D7BBDDC5A2C4696225E6 /* WidgetDataProvider.swift */; };
		DD7F879D49696D2CEF260640 /* APIClient.swift in Sources */ = {isa = PBXBuildFile; fileRef = 7927B31EB3BE45845D90CF5D /* APIClient.swift */; };
		DFA0A183C26E64F035CD7FB7 /* QuickAddBar.swift in Sources */ = {isa = PBXBuildFile; fileRef = 6322DE4014D29807218529CE /* QuickAddBar.swift */; };
		E220F71B4A7BDA134927E80D /* FilterBar.swift in Sources */ = {isa = PBXBuildFile; fileRef = 677B6B2CC301A0BF528F1542 /* FilterBar.swift */; };
		E6EBA066E436EB60D317A820 /* WidgetModels.swift in Sources */ = {isa = PBXBuildFile; fileRef = 68AEADC6919D6F592BDE8D45 /* WidgetModels.swift */; };
		E9B949476F4B28AC356E7F24 /* SyncService.swift in Sources */ = {isa = PBXBuildFile; fileRef = 4498B15349664B6DC3FCFA83 /* SyncService.swift */; };
		F07F8063EF438349D92EDC6D /* SyncService.swift in Sources */ = {isa = PBXBuildFile; fileRef = 4498B15349664B6DC3FCFA83 /* SyncService.swift */; };
		F1972DD47F66CC358E7A1084 /* Label.swift in Sources */ = {isa = PBXBuildFile; fileRef = 3DAD90CA4D21232120AE5905 /* Label.swift */; };
		F339AB7C0173434F62EE7635 /* CacheService.swift in Sources */ = {isa = PBXBuildFile; fileRef = 578C6DA4CECA647B5E61633B /* CacheService.swift */; };
		F40BBFD6E4FF9637524FC1B6 /* EmptyStateView.swift in Sources */ = {isa = PBXBuildFile; fileRef = 65E961C8B7F78DBBAD86B3CA /* EmptyStateView.swift */; };
		F54AA5A589CFE37084954D3F /* EmptyStateView.swift in Sources */ = {isa = PBXBuildFile; fileRef = 65E961C8B7F78DBBAD86B3CA /* EmptyStateView.swift */; };
		F67DDD1FD4ECA5356F3D9E3A /* SmartListSection.swift in Sources */ = {isa = PBXBuildFile; fileRef = 91E89DA997E584CC682D31EC /* SmartListSection.swift */; };
		FDF418D0446D806855AC001E /* CalendarGrid.swift in Sources */ = {isa = PBXBuildFile; fileRef = 6C55C4BBA8084F95EEE43F75 /* CalendarGrid.swift */; };
/* End PBXBuildFile section */

/* Begin PBXContainerItemProxy section */
		243796A298BB597B0C5052A4 /* PBXContainerItemProxy */ = {
			isa = PBXContainerItemProxy;
			containerPortal = 8BC9385B296CA64345097A11 /* Project object */;
			proxyType = 1;
			remoteGlobalIDString = 21391E7CA2CC0109445CB9F0;
			remoteInfo = mDone;
		};
		DC9531F4D41BF1E44BBECBE3 /* PBXContainerItemProxy */ = {
			isa = PBXContainerItemProxy;
			containerPortal = 8BC9385B296CA64345097A11 /* Project object */;
			proxyType = 1;
			remoteGlobalIDString = 6E5BD10560A6261A6044507B;
			remoteInfo = mDoneWidgets;
		};
		EF0FACEBAF0B1F4F24100F7E /* PBXContainerItemProxy */ = {
			isa = PBXContainerItemProxy;
			containerPortal = 8BC9385B296CA64345097A11 /* Project object */;
			proxyType = 1;
			remoteGlobalIDString = 21391E7CA2CC0109445CB9F0;
			remoteInfo = mDone;
		};
/* End PBXContainerItemProxy section */

/* Begin PBXCopyFilesBuildPhase section */
		99CB7C35E79BB93960ED4DA7 /* Embed Foundation Extensions */ = {
			isa = PBXCopyFilesBuildPhase;
			buildActionMask = 2147483647;
			dstPath = "";
			dstSubfolderSpec = 13;
			files = (
				8FCD26D3C447A33F331EAA11 /* mDoneWidgets.appex in Embed Foundation Extensions */,
			);
			name = "Embed Foundation Extensions";
			runOnlyForDeploymentPostprocessing = 0;
		};
/* End PBXCopyFilesBuildPhase section */

/* Begin PBXFileReference section */
		02DBAE7F292CC18395D6F4C7 /* VNotification.swift */ = {isa = PBXFileReference; lastKnownFileType = sourcecode.swift; path = VNotification.swift; sourceTree = "<group>"; };
		08901BAE429BBD8DAF9FADC7 /* FocusSessionView.swift */ = {isa = PBXFileReference; lastKnownFileType = sourcecode.swift; path = FocusSessionView.swift; sourceTree = "<group>"; };
		08FE5F9930E9E26CDF74F791 /* mDoneWidgets.swift */ = {isa = PBXFileReference; lastKnownFileType = sourcecode.swift; path = mDoneWidgets.swift; sourceTree = "<group>"; };
		11EDA0EB36133D877C2C55B7 /* ProjectRow.swift */ = {isa = PBXFileReference; lastKnownFileType = sourcecode.swift; path = ProjectRow.swift; sourceTree = "<group>"; };
		1539AC011B13F676829F1579 /* mDoneApp.swift */ = {isa = PBXFileReference; lastKnownFileType = sourcecode.swift; path = mDoneApp.swift; sourceTree = "<group>"; };
		1CCD7882420C41A01EA698B7 /* mDoneWidgets.entitlements */ = {isa = PBXFileReference; lastKnownFileType = text.plist.entitlements; path = mDoneWidgets.entitlements; sourceTree = "<group>"; };
		21282278F2A6465180B89552 /* LoadingOverlay.swift */ = {isa = PBXFileReference; lastKnownFileType = sourcecode.swift; path = LoadingOverlay.swift; sourceTree = "<group>"; };
		230E3F347BBF63187DFC12FF /* FocusBanner.swift */ = {isa = PBXFileReference; lastKnownFileType = sourcecode.swift; path = FocusBanner.swift; sourceTree = "<group>"; };
		242D822CEC39A844018F2AD8 /* NetworkMonitor.swift */ = {isa = PBXFileReference; lastKnownFileType = sourcecode.swift; path = NetworkMonitor.swift; sourceTree = "<group>"; };
		270CDF8590CC855E2B69685E /* TaskDetailSheet.swift */ = {isa = PBXFileReference; lastKnownFileType = sourcecode.swift; path = TaskDetailSheet.swift; sourceTree = "<group>"; };
		2CC284524A1CA2AFC3628C0C /* Endpoint.swift */ = {isa = PBXFileReference; lastKnownFileType = sourcecode.swift; path = Endpoint.swift; sourceTree = "<group>"; };
		34C72278AE3ECD1A01E8995C /* AuthService.swift */ = {isa = PBXFileReference; lastKnownFileType = sourcecode.swift; path = AuthService.swift; sourceTree = "<group>"; };
		387028800E7582C8E3DB99D5 /* SyncServiceTests.swift */ = {isa = PBXFileReference; lastKnownFileType = sourcecode.swift; path = SyncServiceTests.swift; sourceTree = "<group>"; };
		3ACF9EF6CFE07E3C27DF61B8 /* AppState.swift */ = {isa = PBXFileReference; lastKnownFileType = sourcecode.swift; path = AppState.swift; sourceTree = "<group>"; };
		3C7FABBE2382318BB2473235 /* UpcomingWidget.swift */ = {isa = PBXFileReference; lastKnownFileType = sourcecode.swift; path = UpcomingWidget.swift; sourceTree = "<group>"; };
		3DAD90CA4D21232120AE5905 /* Label.swift */ = {isa = PBXFileReference; lastKnownFileType = sourcecode.swift; path = Label.swift; sourceTree = "<group>"; };
		43485A99649F62E888383036 /* FocusTaskLiveActivity.swift */ = {isa = PBXFileReference; lastKnownFileType = sourcecode.swift; path = FocusTaskLiveActivity.swift; sourceTree = "<group>"; };
		4498B15349664B6DC3FCFA83 /* SyncService.swift */ = {isa = PBXFileReference; lastKnownFileType = sourcecode.swift; path = SyncService.swift; sourceTree = "<group>"; };
		5141CC6BAD210288F9A7C963 /* QuickAddWidget.swift */ = {isa = PBXFileReference; lastKnownFileType = sourcecode.swift; path = QuickAddWidget.swift; sourceTree = "<group>"; };
		5325D7BBDDC5A2C4696225E6 /* WidgetDataProvider.swift */ = {isa = PBXFileReference; lastKnownFileType = sourcecode.swift; path = WidgetDataProvider.swift; sourceTree = "<group>"; };
		54D098FB637269FE5791600C /* VTask.swift */ = {isa = PBXFileReference; lastKnownFileType = sourcecode.swift; path = VTask.swift; sourceTree = "<group>"; };
		578C6DA4CECA647B5E61633B /* CacheService.swift */ = {isa = PBXFileReference; lastKnownFileType = sourcecode.swift; path = CacheService.swift; sourceTree = "<group>"; };
		5A4946001267A3D72EEE0DCC /* mDoneUITests.xctest */ = {isa = PBXFileReference; includeInIndex = 0; lastKnownFileType = wrapper.cfbundle; path = mDoneUITests.xctest; sourceTree = BUILT_PRODUCTS_DIR; };
		5B5CCB0224316EA10492FA30 /* APIModels.swift */ = {isa = PBXFileReference; lastKnownFileType = sourcecode.swift; path = APIModels.swift; sourceTree = "<group>"; };
		5BD4CC491B333F404912BFF2 /* Project.swift */ = {isa = PBXFileReference; lastKnownFileType = sourcecode.swift; path = Project.swift; sourceTree = "<group>"; };
		5ED7491034B820B62786524A /* ProjectService.swift */ = {isa = PBXFileReference; lastKnownFileType = sourcecode.swift; path = ProjectService.swift; sourceTree = "<group>"; };
		60830C472794C8CFAC9B618D /* MacTaskListView.swift */ = {isa = PBXFileReference; lastKnownFileType = sourcecode.swift; path = MacTaskListView.swift; sourceTree = "<group>"; };
		6322DE4014D29807218529CE /* QuickAddBar.swift */ = {isa = PBXFileReference; lastKnownFileType = sourcecode.swift; path = QuickAddBar.swift; sourceTree = "<group>"; };
		64CA89BB38795B743594F444 /* MainTabView.swift */ = {isa = PBXFileReference; lastKnownFileType = sourcecode.swift; path = MainTabView.swift; sourceTree = "<group>"; };
		65E961C8B7F78DBBAD86B3CA /* EmptyStateView.swift */ = {isa = PBXFileReference; lastKnownFileType = sourcecode.swift; path = EmptyStateView.swift; sourceTree = "<group>"; };
		677B6B2CC301A0BF528F1542 /* FilterBar.swift */ = {isa = PBXFileReference; lastKnownFileType = sourcecode.swift; path = FilterBar.swift; sourceTree = "<group>"; };
		68AEADC6919D6F592BDE8D45 /* WidgetModels.swift */ = {isa = PBXFileReference; lastKnownFileType = sourcecode.swift; path = WidgetModels.swift; sourceTree = "<group>"; };
		6C55C4BBA8084F95EEE43F75 /* CalendarGrid.swift */ = {isa = PBXFileReference; lastKnownFileType = sourcecode.swift; path = CalendarGrid.swift; sourceTree = "<group>"; };
		6CB6B88D4A00E1FF1464AFAD /* NotificationService.swift */ = {isa = PBXFileReference; lastKnownFileType = sourcecode.swift; path = NotificationService.swift; sourceTree = "<group>"; };
		6CD8667B3097AB50AD0CFF2A /* LabelChip.swift */ = {isa = PBXFileReference; lastKnownFileType = sourcecode.swift; path = LabelChip.swift; sourceTree = "<group>"; };
		6D72FDE9BF89F68C2251A89A /* Info.plist */ = {isa = PBXFileReference; lastKnownFileType = text.plist; path = Info.plist; sourceTree = "<group>"; };
		6F4E2DCD21406294723DD09F /* TaskListScreen.swift */ = {isa = PBXFileReference; lastKnownFileType = sourcecode.swift; path = TaskListScreen.swift; sourceTree = "<group>"; };
		7131BB57A3C347178926098D /* TodayTasksWidget.swift */ = {isa = PBXFileReference; lastKnownFileType = sourcecode.swift; path = TodayTasksWidget.swift; sourceTree = "<group>"; };
		752DF335CC5CB4AD76FF598E /* mDoneTests.xctest */ = {isa = PBXFileReference; includeInIndex = 0; lastKnownFileType = wrapper.cfbundle; path = mDoneTests.xctest; sourceTree = BUILT_PRODUCTS_DIR; };
		75C3FC2F60E1EA3680C66908 /* NotificationListView.swift */ = {isa = PBXFileReference; lastKnownFileType = sourcecode.swift; path = NotificationListView.swift; sourceTree = "<group>"; };
		77B5A9CDA485047438EFFEAD /* mDone-macOS.app */ = {isa = PBXFileReference; explicitFileType = wrapper.application; includeInIndex = 0; path = "mDone-macOS.app"; sourceTree = BUILT_PRODUCTS_DIR; };
		7927B31EB3BE45845D90CF5D /* APIClient.swift */ = {isa = PBXFileReference; lastKnownFileType = sourcecode.swift; path = APIClient.swift; sourceTree = "<group>"; };
		81EAA5F4040ED532081E5FC4 /* AppDependencies.swift */ = {isa = PBXFileReference; lastKnownFileType = sourcecode.swift; path = AppDependencies.swift; sourceTree = "<group>"; };
		91E89DA997E584CC682D31EC /* SmartListSection.swift */ = {isa = PBXFileReference; lastKnownFileType = sourcecode.swift; path = SmartListSection.swift; sourceTree = "<group>"; };
		936EEE53FB80A8959CCB6839 /* SettingsScreen.swift */ = {isa = PBXFileReference; lastKnownFileType = sourcecode.swift; path = SettingsScreen.swift; sourceTree = "<group>"; };
		9B53ED38BC0845E8648EF1CF /* mDone.app */ = {isa = PBXFileReference; includeInIndex = 0; lastKnownFileType = wrapper.application; path = mDone.app; sourceTree = BUILT_PRODUCTS_DIR; };
		9D9BF887955581D462D3AE13 /* ReminderEditor.swift */ = {isa = PBXFileReference; lastKnownFileType = sourcecode.swift; path = ReminderEditor.swift; sourceTree = "<group>"; };
		9EA526A316F43D1D8A8ACEE5 /* AppIntents.swift */ = {isa = PBXFileReference; lastKnownFileType = sourcecode.swift; path = AppIntents.swift; sourceTree = "<group>"; };
		A33D6E4ACDFCA2C3E198CB40 /* MacSidebarView.swift */ = {isa = PBXFileReference; lastKnownFileType = sourcecode.swift; path = MacSidebarView.swift; sourceTree = "<group>"; };
		A4936744D79C1BBBC829270C /* TaskService.swift */ = {isa = PBXFileReference; lastKnownFileType = sourcecode.swift; path = TaskService.swift; sourceTree = "<group>"; };
		AB23B5FBCE0D0D9F6F0A32C4 /* Assets.xcassets */ = {isa = PBXFileReference; lastKnownFileType = folder.assetcatalog; path = Assets.xcassets; sourceTree = "<group>"; };
		AE6CF9213E0759565428E297 /* ColorExtension.swift */ = {isa = PBXFileReference; lastKnownFileType = sourcecode.swift; path = ColorExtension.swift; sourceTree = "<group>"; };
		AF3EA5E718EC024F5002668D /* TaskFilterSheet.swift */ = {isa = PBXFileReference; lastKnownFileType = sourcecode.swift; path = TaskFilterSheet.swift; sourceTree = "<group>"; };
		AF75940C0E861A8C61F4913E /* LockScreenWidgets.swift */ = {isa = PBXFileReference; lastKnownFileType = sourcecode.swift; path = LockScreenWidgets.swift; sourceTree = "<group>"; };
		AFABA2DFC2A9F0E7D9F043DD /* mDone.entitlements */ = {isa = PBXFileReference; lastKnownFileType = text.plist.entitlements; path = mDone.entitlements; sourceTree = "<group>"; };
		B01DB481329D189EEB49819D /* TaskServiceTests.swift */ = {isa = PBXFileReference; lastKnownFileType = sourcecode.swift; path = TaskServiceTests.swift; sourceTree = "<group>"; };
		B375596EF9B1C0CC2D864E71 /* PrivacyInfo.xcprivacy */ = {isa = PBXFileReference; path = PrivacyInfo.xcprivacy; sourceTree = "<group>"; };
		B8C3517EA8092AEFB9B958BA /* mDoneUITests.swift */ = {isa = PBXFileReference; lastKnownFileType = sourcecode.swift; path = mDoneUITests.swift; sourceTree = "<group>"; };
		BB7ECEB62869BB057B978752 /* MacContentView.swift */ = {isa = PBXFileReference; lastKnownFileType = sourcecode.swift; path = MacContentView.swift; sourceTree = "<group>"; };
		BC5F1549608D004BBE243939 /* SharedConstants.swift */ = {isa = PBXFileReference; lastKnownFileType = sourcecode.swift; path = SharedConstants.swift; sourceTree = "<group>"; };
		BCD16DE7EC1D58A64D5FE82E /* TaskRow.swift */ = {isa = PBXFileReference; lastKnownFileType = sourcecode.swift; path = TaskRow.swift; sourceTree = "<group>"; };
		BCED2742EC490F205877F641 /* MacTaskDetailView.swift */ = {isa = PBXFileReference; lastKnownFileType = sourcecode.swift; path = MacTaskDetailView.swift; sourceTree = "<group>"; };
		BD2A4C7852EE3D6AB2ABD4CF /* FocusTaskAttributes.swift */ = {isa = PBXFileReference; lastKnownFileType = sourcecode.swift; path = FocusTaskAttributes.swift; sourceTree = "<group>"; };
		BEDF83C7ECDABCFD73F18F7E /* ProjectListScreen.swift */ = {isa = PBXFileReference; lastKnownFileType = sourcecode.swift; path = ProjectListScreen.swift; sourceTree = "<group>"; };
		CA1FA23A8EDF0B38132B80AF /* mDone-macOS.entitlements */ = {isa = PBXFileReference; lastKnownFileType = text.plist.entitlements; path = "mDone-macOS.entitlements"; sourceTree = "<group>"; };
		CB4D2DA95DF4FC3F205FBF90 /* mDoneWidgets.appex */ = {isa = PBXFileReference; includeInIndex = 0; lastKnownFileType = "wrapper.app-extension"; path = mDoneWidgets.appex; sourceTree = BUILT_PRODUCTS_DIR; };
		CC6B4D23CD950A731DCA2739 /* MacKeyboardShortcuts.swift */ = {isa = PBXFileReference; lastKnownFileType = sourcecode.swift; path = MacKeyboardShortcuts.swift; sourceTree = "<group>"; };
		CD1D61D9EA0CD73B9DCE749E /* User.swift */ = {isa = PBXFileReference; lastKnownFileType = sourcecode.swift; path = User.swift; sourceTree = "<group>"; };
		CF7605057833E15B0D9157B7 /* WidgetDataTests.swift */ = {isa = PBXFileReference; lastKnownFileType = sourcecode.swift; path = WidgetDataTests.swift; sourceTree = "<group>"; };
		D333921C4A7E929C95C42C24 /* CalendarScreen.swift */ = {isa = PBXFileReference; lastKnownFileType = sourcecode.swift; path = CalendarScreen.swift; sourceTree = "<group>"; };
		DCD46F8DA3A3D92681395E53 /* ServerSetupView.swift */ = {isa = PBXFileReference; lastKnownFileType = sourcecode.swift; path = ServerSetupView.swift; sourceTree = "<group>"; };
		E17354B0580CDAA3AAC9F0E2 /* FocusManager.swift */ = {isa = PBXFileReference; lastKnownFileType = sourcecode.swift; path = FocusManager.swift; sourceTree = "<group>"; };
		E2D0822D3C0C5B56CCCACA15 /* APIClientTests.swift */ = {isa = PBXFileReference; lastKnownFileType = sourcecode.swift; path = APIClientTests.swift; sourceTree = "<group>"; };
		E394223054152DF5135ED863 /* Info.plist */ = {isa = PBXFileReference; lastKnownFileType = text.plist; path = Info.plist; sourceTree = "<group>"; };
		F0C04863A982961FE57C146E /* NotificationServiceTests.swift */ = {isa = PBXFileReference; lastKnownFileType = sourcecode.swift; path = NotificationServiceTests.swift; sourceTree = "<group>"; };
		F2A7D59BC9BE3B77DE83226B /* FocusSession.swift */ = {isa = PBXFileReference; lastKnownFileType = sourcecode.swift; path = FocusSession.swift; sourceTree = "<group>"; };
		F32934D85B75E0CF9E9A0464 /* DayTaskList.swift */ = {isa = PBXFileReference; lastKnownFileType = sourcecode.swift; path = DayTaskList.swift; sourceTree = "<group>"; };
		FA6746350E080414B1C06B61 /* PriorityBadge.swift */ = {isa = PBXFileReference; lastKnownFileType = sourcecode.swift; path = PriorityBadge.swift; sourceTree = "<group>"; };
/* End PBXFileReference section */

/* Begin PBXGroup section */
		0592837D2A79B6B15184A318 /* Focus */ = {
			isa = PBXGroup;
			children = (
				230E3F347BBF63187DFC12FF /* FocusBanner.swift */,
				08901BAE429BBD8DAF9FADC7 /* FocusSessionView.swift */,
			);
			path = Focus;
			sourceTree = "<group>";
		};
		0BA06CD5C6CC9E184CB87B24 /* Projects */ = {
			isa = PBXGroup;
			children = (
				BEDF83C7ECDABCFD73F18F7E /* ProjectListScreen.swift */,
				11EDA0EB36133D877C2C55B7 /* ProjectRow.swift */,
			);
			path = Projects;
			sourceTree = "<group>";
		};
		11B8993F283F1FD3EE03E168 /* Components */ = {
			isa = PBXGroup;
			children = (
				AE6CF9213E0759565428E297 /* ColorExtension.swift */,
				65E961C8B7F78DBBAD86B3CA /* EmptyStateView.swift */,
				677B6B2CC301A0BF528F1542 /* FilterBar.swift */,
				6CD8667B3097AB50AD0CFF2A /* LabelChip.swift */,
				21282278F2A6465180B89552 /* LoadingOverlay.swift */,
				FA6746350E080414B1C06B61 /* PriorityBadge.swift */,
				9D9BF887955581D462D3AE13 /* ReminderEditor.swift */,
				AF3EA5E718EC024F5002668D /* TaskFilterSheet.swift */,
			);
			path = Components;
			sourceTree = "<group>";
		};
		1668CCEC3AF9A22B6578AB58 /* Mac */ = {
			isa = PBXGroup;
			children = (
				BB7ECEB62869BB057B978752 /* MacContentView.swift */,
				CC6B4D23CD950A731DCA2739 /* MacKeyboardShortcuts.swift */,
				A33D6E4ACDFCA2C3E198CB40 /* MacSidebarView.swift */,
				BCED2742EC490F205877F641 /* MacTaskDetailView.swift */,
				60830C472794C8CFAC9B618D /* MacTaskListView.swift */,
			);
			path = Mac;
			sourceTree = "<group>";
		};
		1BADA7215492FCBAD2C79E12 /* Notifications */ = {
			isa = PBXGroup;
			children = (
				75C3FC2F60E1EA3680C66908 /* NotificationListView.swift */,
			);
			path = Notifications;
			sourceTree = "<group>";
		};
		22373170C08DBBEAEFF37007 /* Views */ = {
			isa = PBXGroup;
			children = (
				64CA89BB38795B743594F444 /* MainTabView.swift */,
				D367C2E4DB74D49218585B12 /* Calendar */,
				11B8993F283F1FD3EE03E168 /* Components */,
				0592837D2A79B6B15184A318 /* Focus */,
				1668CCEC3AF9A22B6578AB58 /* Mac */,
				1BADA7215492FCBAD2C79E12 /* Notifications */,
				0BA06CD5C6CC9E184CB87B24 /* Projects */,
				B9234959724028032DB03A40 /* Settings */,
				53756266D50CE19211EB9C8A /* Setup */,
				E30749042E4DDC17773098F6 /* Tasks */,
			);
			path = Views;
			sourceTree = "<group>";
		};
		26E7DA13BF212E523B87899E /* Models */ = {
			isa = PBXGroup;
			children = (
				5B5CCB0224316EA10492FA30 /* APIModels.swift */,
				3DAD90CA4D21232120AE5905 /* Label.swift */,
				5BD4CC491B333F404912BFF2 /* Project.swift */,
				CD1D61D9EA0CD73B9DCE749E /* User.swift */,
				02DBAE7F292CC18395D6F4C7 /* VNotification.swift */,
				54D098FB637269FE5791600C /* VTask.swift */,
			);
			path = Models;
			sourceTree = "<group>";
		};
		3760FBE9F88395B7F4A514B7 /* Resources */ = {
			isa = PBXGroup;
			children = (
				AB23B5FBCE0D0D9F6F0A32C4 /* Assets.xcassets */,
				B375596EF9B1C0CC2D864E71 /* PrivacyInfo.xcprivacy */,
			);
			path = Resources;
			sourceTree = "<group>";
		};
		4C07F33815B3F84FBF19301B /* Services */ = {
			isa = PBXGroup;
			children = (
				7927B31EB3BE45845D90CF5D /* APIClient.swift */,
				34C72278AE3ECD1A01E8995C /* AuthService.swift */,
				578C6DA4CECA647B5E61633B /* CacheService.swift */,
				2CC284524A1CA2AFC3628C0C /* Endpoint.swift */,
				E17354B0580CDAA3AAC9F0E2 /* FocusManager.swift */,
				242D822CEC39A844018F2AD8 /* NetworkMonitor.swift */,
				6CB6B88D4A00E1FF1464AFAD /* NotificationService.swift */,
				5ED7491034B820B62786524A /* ProjectService.swift */,
				4498B15349664B6DC3FCFA83 /* SyncService.swift */,
				A4936744D79C1BBBC829270C /* TaskService.swift */,
			);
			path = Services;
			sourceTree = "<group>";
		};
		53756266D50CE19211EB9C8A /* Setup */ = {
			isa = PBXGroup;
			children = (
				DCD46F8DA3A3D92681395E53 /* ServerSetupView.swift */,
			);
			path = Setup;
			sourceTree = "<group>";
		};
		59A9B8481FB2C127C1BD2896 /* Products */ = {
			isa = PBXGroup;
			children = (
				77B5A9CDA485047438EFFEAD /* mDone-macOS.app */,
				9B53ED38BC0845E8648EF1CF /* mDone.app */,
				752DF335CC5CB4AD76FF598E /* mDoneTests.xctest */,
				5A4946001267A3D72EEE0DCC /* mDoneUITests.xctest */,
				CB4D2DA95DF4FC3F205FBF90 /* mDoneWidgets.appex */,
			);
			name = Products;
			sourceTree = "<group>";
		};
		AF30422C84EF6E9FBDDC68A7 = {
			isa = PBXGroup;
			children = (
				D567BF6E9673183C82141CB3 /* mDone */,
				B7E64E07D276F9208CF447CF /* mDoneShared */,
				D17125F438CF0C7839B991BF /* mDoneTests */,
				DDF0331675A086F77C04AB81 /* mDoneUITests */,
				DCAF8EA86A6E8CB1DB3BB1A0 /* mDoneWidgets */,
				59A9B8481FB2C127C1BD2896 /* Products */,
			);
			sourceTree = "<group>";
		};
		B7E64E07D276F9208CF447CF /* mDoneShared */ = {
			isa = PBXGroup;
			children = (
				F2A7D59BC9BE3B77DE83226B /* FocusSession.swift */,
				BD2A4C7852EE3D6AB2ABD4CF /* FocusTaskAttributes.swift */,
				BC5F1549608D004BBE243939 /* SharedConstants.swift */,
				5325D7BBDDC5A2C4696225E6 /* WidgetDataProvider.swift */,
				68AEADC6919D6F592BDE8D45 /* WidgetModels.swift */,
			);
			path = mDoneShared;
			sourceTree = "<group>";
		};
		B9234959724028032DB03A40 /* Settings */ = {
			isa = PBXGroup;
			children = (
				936EEE53FB80A8959CCB6839 /* SettingsScreen.swift */,
			);
			path = Settings;
			sourceTree = "<group>";
		};
		BA8A672F77B22DC5B49BC4CA /* App */ = {
			isa = PBXGroup;
			children = (
				81EAA5F4040ED532081E5FC4 /* AppDependencies.swift */,
				3ACF9EF6CFE07E3C27DF61B8 /* AppState.swift */,
				1539AC011B13F676829F1579 /* mDoneApp.swift */,
			);
			path = App;
			sourceTree = "<group>";
		};
		D17125F438CF0C7839B991BF /* mDoneTests */ = {
			isa = PBXGroup;
			children = (
				E2D0822D3C0C5B56CCCACA15 /* APIClientTests.swift */,
				F0C04863A982961FE57C146E /* NotificationServiceTests.swift */,
				387028800E7582C8E3DB99D5 /* SyncServiceTests.swift */,
				B01DB481329D189EEB49819D /* TaskServiceTests.swift */,
				CF7605057833E15B0D9157B7 /* WidgetDataTests.swift */,
			);
			path = mDoneTests;
			sourceTree = "<group>";
		};
		D367C2E4DB74D49218585B12 /* Calendar */ = {
			isa = PBXGroup;
			children = (
				6C55C4BBA8084F95EEE43F75 /* CalendarGrid.swift */,
				D333921C4A7E929C95C42C24 /* CalendarScreen.swift */,
				F32934D85B75E0CF9E9A0464 /* DayTaskList.swift */,
			);
			path = Calendar;
			sourceTree = "<group>";
		};
		D567BF6E9673183C82141CB3 /* mDone */ = {
			isa = PBXGroup;
			children = (
				6D72FDE9BF89F68C2251A89A /* Info.plist */,
				CA1FA23A8EDF0B38132B80AF /* mDone-macOS.entitlements */,
				AFABA2DFC2A9F0E7D9F043DD /* mDone.entitlements */,
				BA8A672F77B22DC5B49BC4CA /* App */,
				26E7DA13BF212E523B87899E /* Models */,
				3760FBE9F88395B7F4A514B7 /* Resources */,
				4C07F33815B3F84FBF19301B /* Services */,
				22373170C08DBBEAEFF37007 /* Views */,
			);
			path = mDone;
			sourceTree = "<group>";
		};
		DCAF8EA86A6E8CB1DB3BB1A0 /* mDoneWidgets */ = {
			isa = PBXGroup;
			children = (
				9EA526A316F43D1D8A8ACEE5 /* AppIntents.swift */,
				43485A99649F62E888383036 /* FocusTaskLiveActivity.swift */,
				E394223054152DF5135ED863 /* Info.plist */,
				AF75940C0E861A8C61F4913E /* LockScreenWidgets.swift */,
				1CCD7882420C41A01EA698B7 /* mDoneWidgets.entitlements */,
				08FE5F9930E9E26CDF74F791 /* mDoneWidgets.swift */,
				5141CC6BAD210288F9A7C963 /* QuickAddWidget.swift */,
				7131BB57A3C347178926098D /* TodayTasksWidget.swift */,
				3C7FABBE2382318BB2473235 /* UpcomingWidget.swift */,
			);
			path = mDoneWidgets;
			sourceTree = "<group>";
		};
		DDF0331675A086F77C04AB81 /* mDoneUITests */ = {
			isa = PBXGroup;
			children = (
				B8C3517EA8092AEFB9B958BA /* mDoneUITests.swift */,
			);
			path = mDoneUITests;
			sourceTree = "<group>";
		};
		E30749042E4DDC17773098F6 /* Tasks */ = {
			isa = PBXGroup;
			children = (
				6322DE4014D29807218529CE /* QuickAddBar.swift */,
				91E89DA997E584CC682D31EC /* SmartListSection.swift */,
				270CDF8590CC855E2B69685E /* TaskDetailSheet.swift */,
				6F4E2DCD21406294723DD09F /* TaskListScreen.swift */,
				BCD16DE7EC1D58A64D5FE82E /* TaskRow.swift */,
			);
			path = Tasks;
			sourceTree = "<group>";
		};
/* End PBXGroup section */

/* Begin PBXNativeTarget section */
		101F46B011D6AADEBB387F54 /* mDone-macOS */ = {
			isa = PBXNativeTarget;
			buildConfigurationList = 923C103E88384B8633CEB4CE /* Build configuration list for PBXNativeTarget "mDone-macOS" */;
			buildPhases = (
				1192FB2C1C56BE62C436B8F3 /* Sources */,
				BB134771A4C71B1AA3DBFB50 /* Resources */,
				2BB19A200B0B5BE11AF7CFA7 /* SwiftLint */,
			);
			buildRules = (
			);
			dependencies = (
			);
			name = "mDone-macOS";
			packageProductDependencies = (
			);
			productName = "mDone-macOS";
			productReference = 77B5A9CDA485047438EFFEAD /* mDone-macOS.app */;
			productType = "com.apple.product-type.application";
		};
		21391E7CA2CC0109445CB9F0 /* mDone */ = {
			isa = PBXNativeTarget;
			buildConfigurationList = A2060B5EFE6A98C0FCB784CA /* Build configuration list for PBXNativeTarget "mDone" */;
			buildPhases = (
				757BDE49DEB956E629BFE795 /* Sources */,
				1411D223B01797324080A8DF /* Resources */,
				99CB7C35E79BB93960ED4DA7 /* Embed Foundation Extensions */,
				385DB5ED6FFCC6B6A1390422 /* SwiftLint */,
			);
			buildRules = (
			);
			dependencies = (
				14C5AE1903CEB07791F22DBF /* PBXTargetDependency */,
			);
			name = mDone;
			packageProductDependencies = (
			);
			productName = mDone;
			productReference = 9B53ED38BC0845E8648EF1CF /* mDone.app */;
			productType = "com.apple.product-type.application";
		};
		6E5BD10560A6261A6044507B /* mDoneWidgets */ = {
			isa = PBXNativeTarget;
			buildConfigurationList = 0C59C33A808AF4116C0586EC /* Build configuration list for PBXNativeTarget "mDoneWidgets" */;
			buildPhases = (
				FAA736F18DF51C1F886B8FBC /* Sources */,
			);
			buildRules = (
			);
			dependencies = (
			);
			name = mDoneWidgets;
			packageProductDependencies = (
			);
			productName = mDoneWidgets;
			productReference = CB4D2DA95DF4FC3F205FBF90 /* mDoneWidgets.appex */;
			productType = "com.apple.product-type.app-extension";
		};
		76A10E2F1D33D8D23F31AEC5 /* mDoneTests */ = {
			isa = PBXNativeTarget;
			buildConfigurationList = E2D1C4D2D7B9FD40F4A99625 /* Build configuration list for PBXNativeTarget "mDoneTests" */;
			buildPhases = (
				7CEB5BA9D3881C4D22992B31 /* Sources */,
			);
			buildRules = (
			);
			dependencies = (
				DC98EF01234C50531D9EF2ED /* PBXTargetDependency */,
			);
			name = mDoneTests;
			packageProductDependencies = (
			);
			productName = mDoneTests;
			productReference = 752DF335CC5CB4AD76FF598E /* mDoneTests.xctest */;
			productType = "com.apple.product-type.bundle.unit-test";
		};
		C9DA51059F13514E5C274E3F /* mDoneUITests */ = {
			isa = PBXNativeTarget;
			buildConfigurationList = 4D254871D966A238E00065F1 /* Build configuration list for PBXNativeTarget "mDoneUITests" */;
			buildPhases = (
				7198E593CBFBE909C85EA91C /* Sources */,
			);
			buildRules = (
			);
			dependencies = (
				9A7F1A3276D4EB943C6F8FB5 /* PBXTargetDependency */,
			);
			name = mDoneUITests;
			packageProductDependencies = (
			);
			productName = mDoneUITests;
			productReference = 5A4946001267A3D72EEE0DCC /* mDoneUITests.xctest */;
			productType = "com.apple.product-type.bundle.ui-testing";
		};
/* End PBXNativeTarget section */

/* Begin PBXProject section */
		8BC9385B296CA64345097A11 /* Project object */ = {
			isa = PBXProject;
			attributes = {
				BuildIndependentTargetsInParallel = YES;
				LastUpgradeCheck = 1600;
				TargetAttributes = {
					101F46B011D6AADEBB387F54 = {
						DevelopmentTeam = Z62E7MGREE;
						ProvisioningStyle = Automatic;
					};
					21391E7CA2CC0109445CB9F0 = {
						DevelopmentTeam = Z62E7MGREE;
						ProvisioningStyle = Automatic;
					};
					6E5BD10560A6261A6044507B = {
						DevelopmentTeam = Z62E7MGREE;
						ProvisioningStyle = Automatic;
					};
					76A10E2F1D33D8D23F31AEC5 = {
						DevelopmentTeam = Z62E7MGREE;
						ProvisioningStyle = Automatic;
					};
					C9DA51059F13514E5C274E3F = {
						DevelopmentTeam = Z62E7MGREE;
						ProvisioningStyle = Automatic;
						TestTargetID = 21391E7CA2CC0109445CB9F0;
					};
				};
			};
			buildConfigurationList = 254FE45A627ADBD255307DB3 /* Build configuration list for PBXProject "mDone" */;
			developmentRegion = en;
			hasScannedForEncodings = 0;
			knownRegions = (
				Base,
				en,
			);
			mainGroup = AF30422C84EF6E9FBDDC68A7;
			minimizedProjectReferenceProxies = 1;
			preferredProjectObjectVersion = 77;
			productRefGroup = 59A9B8481FB2C127C1BD2896 /* Products */;
			projectDirPath = "";
			projectRoot = "";
			targets = (
				21391E7CA2CC0109445CB9F0 /* mDone */,
				101F46B011D6AADEBB387F54 /* mDone-macOS */,
				76A10E2F1D33D8D23F31AEC5 /* mDoneTests */,
				C9DA51059F13514E5C274E3F /* mDoneUITests */,
				6E5BD10560A6261A6044507B /* mDoneWidgets */,
			);
		};
/* End PBXProject section */

/* Begin PBXResourcesBuildPhase section */
		1411D223B01797324080A8DF /* Resources */ = {
			isa = PBXResourcesBuildPhase;
			buildActionMask = 2147483647;
			files = (
				2CB2844EBC7C6319A158D73A /* Assets.xcassets in Resources */,
				479EBC74FA214FF4F9AC68D5 /* PrivacyInfo.xcprivacy in Resources */,
			);
			runOnlyForDeploymentPostprocessing = 0;
		};
		BB134771A4C71B1AA3DBFB50 /* Resources */ = {
			isa = PBXResourcesBuildPhase;
			buildActionMask = 2147483647;
			files = (
				472AE748E7B53F21D66ED2F1 /* Assets.xcassets in Resources */,
				DBC2B0E3AC9CB6B3F23611E4 /* PrivacyInfo.xcprivacy in Resources */,
			);
			runOnlyForDeploymentPostprocessing = 0;
		};
/* End PBXResourcesBuildPhase section */

/* Begin PBXShellScriptBuildPhase section */
		2BB19A200B0B5BE11AF7CFA7 /* SwiftLint */ = {
			isa = PBXShellScriptBuildPhase;
			alwaysOutOfDate = 1;
			buildActionMask = 2147483647;
			files = (
			);
			inputFileListPaths = (
			);
			inputPaths = (
			);
			name = SwiftLint;
			outputFileListPaths = (
			);
			outputPaths = (
			);
			runOnlyForDeploymentPostprocessing = 0;
			shellPath = /bin/sh;
			shellScript = "if which swiftlint > /dev/null; then\n  swiftlint lint --quiet\nelse\n  echo \"warning: SwiftLint not installed\"\nfi\n";
		};
		385DB5ED6FFCC6B6A1390422 /* SwiftLint */ = {
			isa = PBXShellScriptBuildPhase;
			alwaysOutOfDate = 1;
			buildActionMask = 2147483647;
			files = (
			);
			inputFileListPaths = (
			);
			inputPaths = (
			);
			name = SwiftLint;
			outputFileListPaths = (
			);
			outputPaths = (
			);
			runOnlyForDeploymentPostprocessing = 0;
			shellPath = /bin/sh;
			shellScript = "if which swiftlint > /dev/null; then\n  swiftlint lint --quiet\nelse\n  echo \"warning: SwiftLint not installed\"\nfi\n";
		};
/* End PBXShellScriptBuildPhase section */

/* Begin PBXSourcesBuildPhase section */
		1192FB2C1C56BE62C436B8F3 /* Sources */ = {
			isa = PBXSourcesBuildPhase;
			buildActionMask = 2147483647;
			files = (
				DD7F879D49696D2CEF260640 /* APIClient.swift in Sources */,
				DB5C6A7262C408349D977CED /* APIModels.swift in Sources */,
				7DF924B630C33E34B243F81C /* AppDependencies.swift in Sources */,
				466031EEB0B51EF071302F6F /* AppState.swift in Sources */,
				1DECE307A3F6FE5373C71B2F /* AuthService.swift in Sources */,
				F339AB7C0173434F62EE7635 /* CacheService.swift in Sources */,
				CCD3E78BF201AF71B0726715 /* CalendarGrid.swift in Sources */,
				AEC83C1E0D76326ECF8623A1 /* CalendarScreen.swift in Sources */,
				DB756EA7E884F7BCAF122678 /* ColorExtension.swift in Sources */,
				5ECC96D0EFEF809243FA8284 /* DayTaskList.swift in Sources */,
				F40BBFD6E4FF9637524FC1B6 /* EmptyStateView.swift in Sources */,
				6EFF2B0782AE731482D63A40 /* Endpoint.swift in Sources */,
				3AFCBFCF2D7F7014DAC992E0 /* FilterBar.swift in Sources */,
				D5D92009168A1213FF49F0D4 /* FocusBanner.swift in Sources */,
				A0ED454FD8ED3B97BDE4007A /* FocusManager.swift in Sources */,
				3188E103271854F6132C2C9F /* FocusSession.swift in Sources */,
				6913DA294E65C2443AE53FF9 /* FocusSessionView.swift in Sources */,
				78DF45492472DAEF6363D823 /* FocusTaskAttributes.swift in Sources */,
				F1972DD47F66CC358E7A1084 /* Label.swift in Sources */,
				0079F3F3939AED7D0082D0FF /* LabelChip.swift in Sources */,
				904A683774D3803A13DC1EFF /* LoadingOverlay.swift in Sources */,
				D9D2ABC7E104FBC5A8E2E834 /* MacContentView.swift in Sources */,
				A7C30181AFC86B283E46EEAF /* MacKeyboardShortcuts.swift in Sources */,
				7DE03B76B8DEF6D9E77AC2D1 /* MacSidebarView.swift in Sources */,
				5E24805E3058E37805AEE58F /* MacTaskDetailView.swift in Sources */,
				2DAFDADCA64C1B7D578BA1BC /* MacTaskListView.swift in Sources */,
				13DE98E247648EF0B1328393 /* MainTabView.swift in Sources */,
				72C508724ABE348A13578687 /* NetworkMonitor.swift in Sources */,
				C061A2FDC77D16BBF497B61B /* NotificationListView.swift in Sources */,
				7A77CA67C83888E73B9BB800 /* NotificationService.swift in Sources */,
				937B1CDC21FE2C22B62D2AF7 /* PriorityBadge.swift in Sources */,
				D8260ED08F2A58D1D10D9EBB /* Project.swift in Sources */,
				5FFD523423D9D1F142888FFA /* ProjectListScreen.swift in Sources */,
				95329A932B762F478F8D593A /* ProjectRow.swift in Sources */,
				822E0B323F0F733DEF86004B /* ProjectService.swift in Sources */,
				DFA0A183C26E64F035CD7FB7 /* QuickAddBar.swift in Sources */,
				B48348294D0E205DB895FF77 /* ReminderEditor.swift in Sources */,
				D0DA6452D7D8EEB67266E13D /* ServerSetupView.swift in Sources */,
				6BA541DF9930AC85CDB50601 /* SettingsScreen.swift in Sources */,
				C0A8BA583DB5590C30756765 /* SharedConstants.swift in Sources */,
				2B7552928F5D1973ED1676B4 /* SmartListSection.swift in Sources */,
				F07F8063EF438349D92EDC6D /* SyncService.swift in Sources */,
				20E97EDFBC1403A068A82D7A /* TaskDetailSheet.swift in Sources */,
				46EC3D21E1CABFC8A8C73C0E /* TaskFilterSheet.swift in Sources */,
				B65849A8F4C4DCA8C20B946A /* TaskListScreen.swift in Sources */,
				CB3DD6CE7BA8416CC4EF1114 /* TaskRow.swift in Sources */,
				1D037374582087C83275C851 /* TaskService.swift in Sources */,
				5E28E31A1A2371E79A7A219D /* User.swift in Sources */,
				6580249F71AA74AE1F615836 /* VNotification.swift in Sources */,
				874C0FDDC72431583716C892 /* VTask.swift in Sources */,
				715BA696FAE11F79B3877051 /* WidgetDataProvider.swift in Sources */,
				E6EBA066E436EB60D317A820 /* WidgetModels.swift in Sources */,
				7B47D806ACEA248D470AD4BB /* mDoneApp.swift in Sources */,
			);
			runOnlyForDeploymentPostprocessing = 0;
		};
		7198E593CBFBE909C85EA91C /* Sources */ = {
			isa = PBXSourcesBuildPhase;
			buildActionMask = 2147483647;
			files = (
				5C18D86265412EB339FB9FC8 /* mDoneUITests.swift in Sources */,
			);
			runOnlyForDeploymentPostprocessing = 0;
		};
		757BDE49DEB956E629BFE795 /* Sources */ = {
			isa = PBXSourcesBuildPhase;
			buildActionMask = 2147483647;
			files = (
				3D391BF73BC5BF5891E549C0 /* APIClient.swift in Sources */,
				8919838E06A6AB784561C665 /* APIModels.swift in Sources */,
				74953AB9A0BFCE5A9AC9EE89 /* AppDependencies.swift in Sources */,
				793EB48C7D14FBDA22D81741 /* AppState.swift in Sources */,
				3E249E35A889CBD7D32AD4D1 /* AuthService.swift in Sources */,
				BDDAD12C53889CC0252FF440 /* CacheService.swift in Sources */,
				FDF418D0446D806855AC001E /* CalendarGrid.swift in Sources */,
				7FAAA068EC7D42239B291C9E /* CalendarScreen.swift in Sources */,
				B71ABF95BA6FDCDAAA0B913C /* ColorExtension.swift in Sources */,
				ABCD592049E3C5503C2ADFD2 /* DayTaskList.swift in Sources */,
				F54AA5A589CFE37084954D3F /* EmptyStateView.swift in Sources */,
				646498CE9FDDE8A89751518C /* Endpoint.swift in Sources */,
				E220F71B4A7BDA134927E80D /* FilterBar.swift in Sources */,
				28C78B132463E9CC866FFBB3 /* FocusBanner.swift in Sources */,
				B58B8269638FA1156278D387 /* FocusManager.swift in Sources */,
				9633BF09D850810FFADCCAF8 /* FocusSession.swift in Sources */,
				B22ED2C1547A73DC8DD3A3A6 /* FocusSessionView.swift in Sources */,
				AA14FFD1C3732EBE780BD645 /* FocusTaskAttributes.swift in Sources */,
				24F0EB4260EAE25CD137FFA6 /* Label.swift in Sources */,
				47D9E5C446ACC149FEEF1E64 /* LabelChip.swift in Sources */,
				52B2F298BB31991E0FDA0AF0 /* LoadingOverlay.swift in Sources */,
				30C3542DFC2CE639F65985C5 /* MacContentView.swift in Sources */,
				900CDC81573122128A6FF7B5 /* MacKeyboardShortcuts.swift in Sources */,
				7B0E6CDE115FB3BA958AC034 /* MacSidebarView.swift in Sources */,
				82B9BCDF99C2E894D18A11C7 /* MacTaskDetailView.swift in Sources */,
				4D0309DDC5A915E09A87723D /* MacTaskListView.swift in Sources */,
				20D92B10FAEBEB83C5D12476 /* MainTabView.swift in Sources */,
				9A689915A04CABF2CA6539E4 /* NetworkMonitor.swift in Sources */,
				833FAC7ADE5E70AB84A8DE92 /* NotificationListView.swift in Sources */,
				A0AF6088F463A945DBD98CDD /* NotificationService.swift in Sources */,
				75B6AAFAD3ADA72BE23DB26F /* PriorityBadge.swift in Sources */,
				9EE222DF4AE14015D0E9E36F /* Project.swift in Sources */,
				C725ADC703B8B75576BB7A5E /* ProjectListScreen.swift in Sources */,
				B035BD0E42D2FC8BDA1F9BB8 /* ProjectRow.swift in Sources */,
				3B31C7F238EE1D2AEFAA5D06 /* ProjectService.swift in Sources */,
				2B92455ACA5C00F99ACAC313 /* QuickAddBar.swift in Sources */,
				7E2137717BB9568E08EEDD14 /* ReminderEditor.swift in Sources */,
				D4B5C83C11C8E743AF968D14 /* ServerSetupView.swift in Sources */,
				5A3A7D10ED80323DC7DC44FD /* SettingsScreen.swift in Sources */,
				1EDDCC0D4B19368376493E92 /* SharedConstants.swift in Sources */,
				F67DDD1FD4ECA5356F3D9E3A /* SmartListSection.swift in Sources */,
				E9B949476F4B28AC356E7F24 /* SyncService.swift in Sources */,
				DC7D9AE2384353053CD95DF6 /* TaskDetailSheet.swift in Sources */,
				345D07F1F46F4C8D86B962C9 /* TaskFilterSheet.swift in Sources */,
				2C66B0E2DE99F5C83C8A81A4 /* TaskListScreen.swift in Sources */,
				BE3B509020AC8008F9452A2B /* TaskRow.swift in Sources */,
				1F3A0229896032D843C5F775 /* TaskService.swift in Sources */,
				0F03FC7847C2FDFF57E6851B /* User.swift in Sources */,
				6E9AE4DF8FD1236AD9E4E8AD /* VNotification.swift in Sources */,
				34FB5979C0EB1E457D793A38 /* VTask.swift in Sources */,
				DCF39869A427B99DD66F48BE /* WidgetDataProvider.swift in Sources */,
				96234F406C854E7F054E766F /* WidgetModels.swift in Sources */,
				6808D70AADC8F7ABBC78D362 /* mDoneApp.swift in Sources */,
			);
			runOnlyForDeploymentPostprocessing = 0;
		};
		7CEB5BA9D3881C4D22992B31 /* Sources */ = {
			isa = PBXSourcesBuildPhase;
			buildActionMask = 2147483647;
			files = (
				6485244221EE25AC2D079940 /* APIClientTests.swift in Sources */,
				7FB2B49D39916A5B298C6699 /* NotificationServiceTests.swift in Sources */,
				A7F0567602A2B5D76BB4C356 /* SyncServiceTests.swift in Sources */,
				13A066957199D2D218784CC5 /* TaskServiceTests.swift in Sources */,
				26DF33422F1E4C796E826D0F /* WidgetDataTests.swift in Sources */,
			);
			runOnlyForDeploymentPostprocessing = 0;
		};
		FAA736F18DF51C1F886B8FBC /* Sources */ = {
			isa = PBXSourcesBuildPhase;
			buildActionMask = 2147483647;
			files = (
				2BC35AA0C33CC217E475CDC5 /* AppIntents.swift in Sources */,
				7AAAAA449A010C91C11D2C97 /* FocusSession.swift in Sources */,
				7AD59D1088EC22938A837843 /* FocusTaskAttributes.swift in Sources */,
				D9A832FED9563609561DCC50 /* FocusTaskLiveActivity.swift in Sources */,
				D592174DE894147ED3F70701 /* LockScreenWidgets.swift in Sources */,
				676A1244D13F4C96E8807A62 /* QuickAddWidget.swift in Sources */,
				DBC929C598D1C94642E618F5 /* SharedConstants.swift in Sources */,
				9CEF82F37CEBD21AC740CFC2 /* TodayTasksWidget.swift in Sources */,
				BC102895DAE1A7A67310050F /* UpcomingWidget.swift in Sources */,
				C244FFA3AEBB8D393A6CBC17 /* WidgetDataProvider.swift in Sources */,
				5E065068D0F511CF4C8D6617 /* WidgetModels.swift in Sources */,
				BAED13C60E6654E66BEACED2 /* mDoneWidgets.swift in Sources */,
			);
			runOnlyForDeploymentPostprocessing = 0;
		};
/* End PBXSourcesBuildPhase section */

/* Begin PBXTargetDependency section */
		14C5AE1903CEB07791F22DBF /* PBXTargetDependency */ = {
			isa = PBXTargetDependency;
			target = 6E5BD10560A6261A6044507B /* mDoneWidgets */;
			targetProxy = DC9531F4D41BF1E44BBECBE3 /* PBXContainerItemProxy */;
		};
		9A7F1A3276D4EB943C6F8FB5 /* PBXTargetDependency */ = {
			isa = PBXTargetDependency;
			target = 21391E7CA2CC0109445CB9F0 /* mDone */;
			targetProxy = 243796A298BB597B0C5052A4 /* PBXContainerItemProxy */;
		};
		DC98EF01234C50531D9EF2ED /* PBXTargetDependency */ = {
			isa = PBXTargetDependency;
			target = 21391E7CA2CC0109445CB9F0 /* mDone */;
			targetProxy = EF0FACEBAF0B1F4F24100F7E /* PBXContainerItemProxy */;
		};
/* End PBXTargetDependency section */

/* Begin XCBuildConfiguration section */
		0D77A2D7D79E569DED1C1006 /* Release */ = {
			isa = XCBuildConfiguration;
			buildSettings = {
				BUNDLE_LOADER = "$(TEST_HOST)";
				GENERATE_INFOPLIST_FILE = YES;
				LD_RUNPATH_SEARCH_PATHS = (
					"$(inherited)",
					"@executable_path/Frameworks",
					"@loader_path/Frameworks",
				);
				PRODUCT_BUNDLE_IDENTIFIER = com.mdone.app.tests;
				SDKROOT = iphoneos;
				TARGETED_DEVICE_FAMILY = "1,2";
				TEST_HOST = "$(BUILT_PRODUCTS_DIR)/mDone.app/$(BUNDLE_EXECUTABLE_FOLDER_PATH)/mDone";
			};
			name = Release;
		};
		0DB0C955EE3A8D1B27CD71A1 /* Debug */ = {
			isa = XCBuildConfiguration;
			buildSettings = {
				ALWAYS_SEARCH_USER_PATHS = NO;
				CLANG_ANALYZER_NONNULL = YES;
				CLANG_ANALYZER_NUMBER_OBJECT_CONVERSION = YES_AGGRESSIVE;
				CLANG_CXX_LANGUAGE_STANDARD = "gnu++14";
				CLANG_CXX_LIBRARY = "libc++";
				CLANG_ENABLE_MODULES = YES;
				CLANG_ENABLE_OBJC_ARC = YES;
				CLANG_ENABLE_OBJC_WEAK = YES;
				CLANG_WARN_BLOCK_CAPTURE_AUTORELEASING = YES;
				CLANG_WARN_BOOL_CONVERSION = YES;
				CLANG_WARN_COMMA = YES;
				CLANG_WARN_CONSTANT_CONVERSION = YES;
				CLANG_WARN_DEPRECATED_OBJC_IMPLEMENTATIONS = YES;
				CLANG_WARN_DIRECT_OBJC_ISA_USAGE = YES_ERROR;
				CLANG_WARN_DOCUMENTATION_COMMENTS = YES;
				CLANG_WARN_EMPTY_BODY = YES;
				CLANG_WARN_ENUM_CONVERSION = YES;
				CLANG_WARN_INFINITE_RECURSION = YES;
				CLANG_WARN_INT_CONVERSION = YES;
				CLANG_WARN_NON_LITERAL_NULL_CONVERSION = YES;
				CLANG_WARN_OBJC_IMPLICIT_RETAIN_SELF = YES;
				CLANG_WARN_OBJC_LITERAL_CONVERSION = YES;
				CLANG_WARN_OBJC_ROOT_CLASS = YES_ERROR;
				CLANG_WARN_QUOTED_INCLUDE_IN_FRAMEWORK_HEADER = YES;
				CLANG_WARN_RANGE_LOOP_ANALYSIS = YES;
				CLANG_WARN_STRICT_PROTOTYPES = YES;
				CLANG_WARN_SUSPICIOUS_MOVE = YES;
				CLANG_WARN_UNGUARDED_AVAILABILITY = YES_AGGRESSIVE;
				CLANG_WARN_UNREACHABLE_CODE = YES;
				CLANG_WARN__DUPLICATE_METHOD_MATCH = YES;
				CODE_SIGN_IDENTITY = "Apple Development";
				CODE_SIGN_STYLE = Automatic;
				COPY_PHASE_STRIP = NO;
				CURRENT_PROJECT_VERSION = 4;
				DEBUG_INFORMATION_FORMAT = dwarf;
				DEVELOPMENT_TEAM = Z62E7MGREE;
				ENABLE_STRICT_OBJC_MSGSEND = YES;
				ENABLE_TESTABILITY = YES;
				GCC_C_LANGUAGE_STANDARD = gnu11;
				GCC_DYNAMIC_NO_PIC = NO;
				GCC_NO_COMMON_BLOCKS = YES;
				GCC_OPTIMIZATION_LEVEL = 0;
				GCC_PREPROCESSOR_DEFINITIONS = (
					"$(inherited)",
					"DEBUG=1",
				);
				GCC_WARN_64_TO_32_BIT_CONVERSION = YES;
				GCC_WARN_ABOUT_RETURN_TYPE = YES_ERROR;
				GCC_WARN_UNDECLARED_SELECTOR = YES;
				GCC_WARN_UNINITIALIZED_AUTOS = YES_AGGRESSIVE;
				GCC_WARN_UNUSED_FUNCTION = YES;
				GCC_WARN_UNUSED_VARIABLE = YES;
				IPHONEOS_DEPLOYMENT_TARGET = 18.0;
				MACOSX_DEPLOYMENT_TARGET = 15.0;
				MARKETING_VERSION = 1.0.0;
				MTL_ENABLE_DEBUG_INFO = INCLUDE_SOURCE;
				MTL_FAST_MATH = YES;
				ONLY_ACTIVE_ARCH = YES;
				PRODUCT_NAME = "$(TARGET_NAME)";
				SWIFT_ACTIVE_COMPILATION_CONDITIONS = DEBUG;
				SWIFT_OPTIMIZATION_LEVEL = "-Onone";
				SWIFT_VERSION = 5.9;
			};
			name = Debug;
		};
		2C9970714078B0D91EF3F44C /* Release */ = {
			isa = XCBuildConfiguration;
			buildSettings = {
				ASSETCATALOG_COMPILER_APPICON_NAME = AppIcon;
				CODE_SIGN_ENTITLEMENTS = "mDone/mDone-macOS.entitlements";
				COMBINE_HIDPI_IMAGES = YES;
				INFOPLIST_FILE = mDone/Info.plist;
				LD_RUNPATH_SEARCH_PATHS = (
					"$(inherited)",
					"@executable_path/../Frameworks",
				);
				PRODUCT_BUNDLE_IDENTIFIER = com.mdone.app;
				SDKROOT = macosx;
				SUPPORTS_MACCATALYST = NO;
				SWIFT_EMIT_LOC_STRINGS = YES;
			};
			name = Release;
		};
		507D1975CB382D116F9EFB25 /* Release */ = {
			isa = XCBuildConfiguration;
			buildSettings = {
				BUNDLE_LOADER = "$(TEST_HOST)";
				GENERATE_INFOPLIST_FILE = YES;
				LD_RUNPATH_SEARCH_PATHS = (
					"$(inherited)",
					"@executable_path/Frameworks",
					"@loader_path/Frameworks",
				);
				PRODUCT_BUNDLE_IDENTIFIER = com.mdone.app.uitests;
				SDKROOT = iphoneos;
				TARGETED_DEVICE_FAMILY = "1,2";
				TEST_TARGET_NAME = mDone;
			};
			name = Release;
		};
		54F4099F8F3D7CE9B867D111 /* Release */ = {
			isa = XCBuildConfiguration;
			buildSettings = {
				CODE_SIGN_ENTITLEMENTS = mDoneWidgets/mDoneWidgets.entitlements;
				INFOPLIST_FILE = mDoneWidgets/Info.plist;
				LD_RUNPATH_SEARCH_PATHS = (
					"$(inherited)",
					"@executable_path/Frameworks",
					"@executable_path/../../Frameworks",
				);
				PRODUCT_BUNDLE_IDENTIFIER = com.mdone.app.widgets;
				SDKROOT = iphoneos;
				TARGETED_DEVICE_FAMILY = "1,2";
			};
			name = Release;
		};
		57BBF7ACE40DE4AD6CFD1870 /* Debug */ = {
			isa = XCBuildConfiguration;
			buildSettings = {
				BUNDLE_LOADER = "$(TEST_HOST)";
				GENERATE_INFOPLIST_FILE = YES;
				LD_RUNPATH_SEARCH_PATHS = (
					"$(inherited)",
					"@executable_path/Frameworks",
					"@loader_path/Frameworks",
				);
				PRODUCT_BUNDLE_IDENTIFIER = com.mdone.app.tests;
				SDKROOT = iphoneos;
				TARGETED_DEVICE_FAMILY = "1,2";
				TEST_HOST = "$(BUILT_PRODUCTS_DIR)/mDone.app/$(BUNDLE_EXECUTABLE_FOLDER_PATH)/mDone";
			};
			name = Debug;
		};
		7D563016C7E50578175E7B4B /* Release */ = {
			isa = XCBuildConfiguration;
			buildSettings = {
				ALWAYS_SEARCH_USER_PATHS = NO;
				CLANG_ANALYZER_NONNULL = YES;
				CLANG_ANALYZER_NUMBER_OBJECT_CONVERSION = YES_AGGRESSIVE;
				CLANG_CXX_LANGUAGE_STANDARD = "gnu++14";
				CLANG_CXX_LIBRARY = "libc++";
				CLANG_ENABLE_MODULES = YES;
				CLANG_ENABLE_OBJC_ARC = YES;
				CLANG_ENABLE_OBJC_WEAK = YES;
				CLANG_WARN_BLOCK_CAPTURE_AUTORELEASING = YES;
				CLANG_WARN_BOOL_CONVERSION = YES;
				CLANG_WARN_COMMA = YES;
				CLANG_WARN_CONSTANT_CONVERSION = YES;
				CLANG_WARN_DEPRECATED_OBJC_IMPLEMENTATIONS = YES;
				CLANG_WARN_DIRECT_OBJC_ISA_USAGE = YES_ERROR;
				CLANG_WARN_DOCUMENTATION_COMMENTS = YES;
				CLANG_WARN_EMPTY_BODY = YES;
				CLANG_WARN_ENUM_CONVERSION = YES;
				CLANG_WARN_INFINITE_RECURSION = YES;
				CLANG_WARN_INT_CONVERSION = YES;
				CLANG_WARN_NON_LITERAL_NULL_CONVERSION = YES;
				CLANG_WARN_OBJC_IMPLICIT_RETAIN_SELF = YES;
				CLANG_WARN_OBJC_LITERAL_CONVERSION = YES;
				CLANG_WARN_OBJC_ROOT_CLASS = YES_ERROR;
				CLANG_WARN_QUOTED_INCLUDE_IN_FRAMEWORK_HEADER = YES;
				CLANG_WARN_RANGE_LOOP_ANALYSIS = YES;
				CLANG_WARN_STRICT_PROTOTYPES = YES;
				CLANG_WARN_SUSPICIOUS_MOVE = YES;
				CLANG_WARN_UNGUARDED_AVAILABILITY = YES_AGGRESSIVE;
				CLANG_WARN_UNREACHABLE_CODE = YES;
				CLANG_WARN__DUPLICATE_METHOD_MATCH = YES;
				CODE_SIGN_IDENTITY = "Apple Development";
				CODE_SIGN_STYLE = Automatic;
				COPY_PHASE_STRIP = NO;
				CURRENT_PROJECT_VERSION = 4;
				DEBUG_INFORMATION_FORMAT = "dwarf-with-dsym";
				DEVELOPMENT_TEAM = Z62E7MGREE;
				ENABLE_NS_ASSERTIONS = NO;
				ENABLE_STRICT_OBJC_MSGSEND = YES;
				GCC_C_LANGUAGE_STANDARD = gnu11;
				GCC_NO_COMMON_BLOCKS = YES;
				GCC_WARN_64_TO_32_BIT_CONVERSION = YES;
				GCC_WARN_ABOUT_RETURN_TYPE = YES_ERROR;
				GCC_WARN_UNDECLARED_SELECTOR = YES;
				GCC_WARN_UNINITIALIZED_AUTOS = YES_AGGRESSIVE;
				GCC_WARN_UNUSED_FUNCTION = YES;
				GCC_WARN_UNUSED_VARIABLE = YES;
				IPHONEOS_DEPLOYMENT_TARGET = 18.0;
				MACOSX_DEPLOYMENT_TARGET = 15.0;
				MARKETING_VERSION = 1.0.0;
				MTL_ENABLE_DEBUG_INFO = NO;
				MTL_FAST_MATH = YES;
				PRODUCT_NAME = "$(TARGET_NAME)";
				SWIFT_COMPILATION_MODE = wholemodule;
				SWIFT_OPTIMIZATION_LEVEL = "-O";
				SWIFT_VERSION = 5.9;
			};
			name = Release;
		};
		9EA40A012898B4078CBF8E67 /* Debug */ = {
			isa = XCBuildConfiguration;
			buildSettings = {
				ASSETCATALOG_COMPILER_APPICON_NAME = AppIcon;
				CODE_SIGN_ENTITLEMENTS = "mDone/mDone-macOS.entitlements";
				COMBINE_HIDPI_IMAGES = YES;
				INFOPLIST_FILE = mDone/Info.plist;
				LD_RUNPATH_SEARCH_PATHS = (
					"$(inherited)",
					"@executable_path/../Frameworks",
				);
				PRODUCT_BUNDLE_IDENTIFIER = com.mdone.app;
				SDKROOT = macosx;
				SUPPORTS_MACCATALYST = NO;
				SWIFT_EMIT_LOC_STRINGS = YES;
			};
			name = Debug;
		};
		A24C058D169BAAAF06DDEE3D /* Release */ = {
			isa = XCBuildConfiguration;
			buildSettings = {
				ASSETCATALOG_COMPILER_APPICON_NAME = AppIcon;
				CODE_SIGN_ENTITLEMENTS = mDone/mDone.entitlements;
				CODE_SIGN_IDENTITY = "iPhone Developer";
				INFOPLIST_FILE = mDone/Info.plist;
				LD_RUNPATH_SEARCH_PATHS = (
					"$(inherited)",
					"@executable_path/Frameworks",
				);
				PRODUCT_BUNDLE_IDENTIFIER = com.mdone.app;
				SDKROOT = iphoneos;
				SWIFT_EMIT_LOC_STRINGS = YES;
				TARGETED_DEVICE_FAMILY = "1,2";
			};
			name = Release;
		};
		BB9713EA3F11FDE3CFBBAF1D /* Debug */ = {
			isa = XCBuildConfiguration;
			buildSettings = {
				CODE_SIGN_ENTITLEMENTS = mDoneWidgets/mDoneWidgets.entitlements;
				INFOPLIST_FILE = mDoneWidgets/Info.plist;
				LD_RUNPATH_SEARCH_PATHS = (
					"$(inherited)",
					"@executable_path/Frameworks",
					"@executable_path/../../Frameworks",
				);
				PRODUCT_BUNDLE_IDENTIFIER = com.mdone.app.widgets;
				SDKROOT = iphoneos;
				TARGETED_DEVICE_FAMILY = "1,2";
			};
			name = Debug;
		};
		DB12799E4CBFF5666615A10B /* Debug */ = {
			isa = XCBuildConfiguration;
			buildSettings = {
				BUNDLE_LOADER = "$(TEST_HOST)";
				GENERATE_INFOPLIST_FILE = YES;
				LD_RUNPATH_SEARCH_PATHS = (
					"$(inherited)",
					"@executable_path/Frameworks",
					"@loader_path/Frameworks",
				);
				PRODUCT_BUNDLE_IDENTIFIER = com.mdone.app.uitests;
				SDKROOT = iphoneos;
				TARGETED_DEVICE_FAMILY = "1,2";
				TEST_TARGET_NAME = mDone;
			};
			name = Debug;
		};
		E0525B7A913510BE8E48DA18 /* Debug */ = {
			isa = XCBuildConfiguration;
			buildSettings = {
				ASSETCATALOG_COMPILER_APPICON_NAME = AppIcon;
				CODE_SIGN_ENTITLEMENTS = mDone/mDone.entitlements;
				CODE_SIGN_IDENTITY = "iPhone Developer";
				INFOPLIST_FILE = mDone/Info.plist;
				LD_RUNPATH_SEARCH_PATHS = (
					"$(inherited)",
					"@executable_path/Frameworks",
				);
				PRODUCT_BUNDLE_IDENTIFIER = com.mdone.app;
				SDKROOT = iphoneos;
				SWIFT_EMIT_LOC_STRINGS = YES;
				TARGETED_DEVICE_FAMILY = "1,2";
			};
			name = Debug;
		};
/* End XCBuildConfiguration section */

/* Begin XCConfigurationList section */
		0C59C33A808AF4116C0586EC /* Build configuration list for PBXNativeTarget "mDoneWidgets" */ = {
			isa = XCConfigurationList;
			buildConfigurations = (
				BB9713EA3F11FDE3CFBBAF1D /* Debug */,
				54F4099F8F3D7CE9B867D111 /* Release */,
			);
			defaultConfigurationIsVisible = 0;
			defaultConfigurationName = Debug;
		};
		254FE45A627ADBD255307DB3 /* Build configuration list for PBXProject "mDone" */ = {
			isa = XCConfigurationList;
			buildConfigurations = (
				0DB0C955EE3A8D1B27CD71A1 /* Debug */,
				7D563016C7E50578175E7B4B /* Release */,
			);
			defaultConfigurationIsVisible = 0;
			defaultConfigurationName = Debug;
		};
		4D254871D966A238E00065F1 /* Build configuration list for PBXNativeTarget "mDoneUITests" */ = {
			isa = XCConfigurationList;
			buildConfigurations = (
				DB12799E4CBFF5666615A10B /* Debug */,
				507D1975CB382D116F9EFB25 /* Release */,
			);
			defaultConfigurationIsVisible = 0;
			defaultConfigurationName = Debug;
		};
		923C103E88384B8633CEB4CE /* Build configuration list for PBXNativeTarget "mDone-macOS" */ = {
			isa = XCConfigurationList;
			buildConfigurations = (
				9EA40A012898B4078CBF8E67 /* Debug */,
				2C9970714078B0D91EF3F44C /* Release */,
			);
			defaultConfigurationIsVisible = 0;
			defaultConfigurationName = Debug;
		};
		A2060B5EFE6A98C0FCB784CA /* Build configuration list for PBXNativeTarget "mDone" */ = {
			isa = XCConfigurationList;
			buildConfigurations = (
				E0525B7A913510BE8E48DA18 /* Debug */,
				A24C058D169BAAAF06DDEE3D /* Release */,
			);
			defaultConfigurationIsVisible = 0;
			defaultConfigurationName = Debug;
		};
		E2D1C4D2D7B9FD40F4A99625 /* Build configuration list for PBXNativeTarget "mDoneTests" */ = {
			isa = XCConfigurationList;
			buildConfigurations = (
				57BBF7ACE40DE4AD6CFD1870 /* Debug */,
				0D77A2D7D79E569DED1C1006 /* Release */,
			);
			defaultConfigurationIsVisible = 0;
			defaultConfigurationName = Debug;
		};
/* End XCConfigurationList section */
	};
	rootObject = 8BC9385B296CA64345097A11 /* Project object */;
}
